
Microsoft Visual Studio Solution File, Format Version 12.00
# Visual Studio 14
VisualStudioVersion = 14.0.25420.1
MinimumVisualStudioVersion = 10.0.40219.1
Project("{FAE04EC0-301F-11D3-BF4B-00C04F79EFBC}") = "Maumx.Aplicacion.Banco", "Maumx.Aplicacion.Banco.Procesos\Maumx.Aplicacion.Banco.csproj", "{8F8A7980-E06B-4347-9B88-E1364EB37A69}"
EndProject
Project("{FAE04EC0-301F-11D3-BF4B-00C04F79EFBC}") = "Maumx.Aplicacion.Banco.Test", "Maumx.Aplicacion.Banco.Test\Maumx.Aplicacion.Banco.Test.csproj", "{202251EE-989B-4639-8AD0-9A70563E7A5E}"
EndProject
Project("{FAE04EC0-301F-11D3-BF4B-00C04F79EFBC}") = "Maumx.Aplicacion.Web", "Maumx.Aplicacion.Web\Maumx.Aplicacion.Web.csproj", "{E824EE91-555D-4910-BAF1-93DD1EA94D41}"
EndProject
Global
	GlobalSection(SolutionConfigurationPlatforms) = preSolution
		Debug|Any CPU = Debug|Any CPU
		Release|Any CPU = Release|Any CPU
	EndGlobalSection
	GlobalSection(ProjectConfigurationPlatforms) = postSolution
		{8F8A7980-E06B-4347-9B88-E1364EB37A69}.Debug|Any CPU.ActiveCfg = Debug|Any CPU
		{8F8A7980-E06B-4347-9B88-E1364EB37A69}.Debug|Any CPU.Build.0 = Debug|Any CPU
		{8F8A7980-E06B-4347-9B88-E1364EB37A69}.Release|Any CPU.ActiveCfg = Release|Any CPU
		{8F8A7980-E06B-4347-9B88-E1364EB37A69}.Release|Any CPU.Build.0 = Release|Any CPU
		{202251EE-989B-4639-8AD0-9A70563E7A5E}.Debug|Any CPU.ActiveCfg = Debug|Any CPU
		{202251EE-989B-4639-8AD0-9A70563E7A5E}.Debug|Any CPU.Build.0 = Debug|Any CPU
		{202251EE-989B-4639-8AD0-9A70563E7A5E}.Release|Any CPU.ActiveCfg = Release|Any CPU
		{202251EE-989B-4639-8AD0-9A70563E7A5E}.Release|Any CPU.Build.0 = Release|Any CPU
		{E824EE91-555D-4910-BAF1-93DD1EA94D41}.Debug|Any CPU.ActiveCfg = Debug|Any CPU
		{E824EE91-555D-4910-BAF1-93DD1EA94D41}.Debug|Any CPU.Build.0 = Debug|Any CPU
		{E824EE91-555D-4910-BAF1-93DD1EA94D41}.Release|Any CPU.ActiveCfg = Release|Any CPU
		{E824EE91-555D-4910-BAF1-93DD1EA94D41}.Release|Any CPU.Build.0 = Release|Any CPU
	EndGlobalSection
	GlobalSection(SolutionProperties) = preSolution
		HideSolutionNode = FALSE
	EndGlobalSection
EndGlobal
